
Microsoft Visual Studio Solution File, Format Version 12.00
# Visual Studio Version 16
VisualStudioVersion = 16.0.30114.105
MinimumVisualStudioVersion = 10.0.40219.1
Project("{2150E333-8FDC-42A3-9474-1A3956D46DE8}") = "Solution Items", "Solution Items", "{94B75B7B-7D23-4CE7-AD2C-F8D3FF0AB214}"
	ProjectSection(SolutionItems) = preProject
		.editorconfig = .editorconfig
		..\opencv\install-opencv-linux.sh = ..\opencv\install-opencv-linux.sh
	EndProjectSection
EndProject
Project("{9A19103F-16F7-4668-BE54-9A1E7A4F7556}") = "DetectiCam", "DetectiCam\DetectiCam.csproj", "{0E48618E-4A37-4C68-B8A2-4E8B0A9A2116}"
EndProject
Project("{9A19103F-16F7-4668-BE54-9A1E7A4F7556}") = "DetectiCam.Core", "DetectiCam.Core\DetectiCam.Core.csproj", "{D8587B25-B279-44DD-BBA6-50B3AB51DCD7}"
EndProject
Global
	GlobalSection(SolutionConfigurationPlatforms) = preSolution
		Debug|Any CPU = Debug|Any CPU
		Release|Any CPU = Release|Any CPU
	EndGlobalSection
	GlobalSection(ProjectConfigurationPlatforms) = postSolution
		{0E48618E-4A37-4C68-B8A2-4E8B0A9A2116}.Debug|Any CPU.ActiveCfg = Debug|Any CPU
		{0E48618E-4A37-4C68-B8A2-4E8B0A9A2116}.Debug|Any CPU.Build.0 = Debug|Any CPU
		{0E48618E-4A37-4C68-B8A2-4E8B0A9A2116}.Release|Any CPU.ActiveCfg = Release|Any CPU
		{0E48618E-4A37-4C68-B8A2-4E8B0A9A2116}.Release|Any CPU.Build.0 = Release|Any CPU
		{D8587B25-B279-44DD-BBA6-50B3AB51DCD7}.Debug|Any CPU.ActiveCfg = Debug|Any CPU
		{D8587B25-B279-44DD-BBA6-50B3AB51DCD7}.Debug|Any CPU.Build.0 = Debug|Any CPU
		{D8587B25-B279-44DD-BBA6-50B3AB51DCD7}.Release|Any CPU.ActiveCfg = Release|Any CPU
		{D8587B25-B279-44DD-BBA6-50B3AB51DCD7}.Release|Any CPU.Build.0 = Release|Any CPU
	EndGlobalSection
	GlobalSection(SolutionProperties) = preSolution
		HideSolutionNode = FALSE
	EndGlobalSection
	GlobalSection(ExtensibilityGlobals) = postSolution
		SolutionGuid = {74E87FB9-4431-4EFE-8E42-8FB61547F697}
	EndGlobalSection
EndGlobal
